
Microsoft Visual Studio Solution File, Format Version 12.00
# Visual Studio Version 17
VisualStudioVersion = 17.12.35707.178 d17.12
MinimumVisualStudioVersion = 10.0.40219.1
Project("{FAE04EC0-301F-11D3-BF4B-00C04F79EFBC}") = "Extensiondemo", "Extensiondemo\Extensiondemo.csproj", "{1283F111-71DD-4401-A432-0295FB01883C}"
EndProject
Project("{FAE04EC0-301F-11D3-BF4B-00C04F79EFBC}") = "Extensiondemo2MethodOverride", "Extensiondemo2MethodOverride\Extensiondemo2MethodOverride.csproj", "{2E26BC5F-CD18-481E-BD58-0E28F72C8666}"
EndProject
Project("{FAE04EC0-301F-11D3-BF4B-00C04F79EFBC}") = "ExtensionDemo3CeilingMethods(string,int)", "ExtensionDemo3CeilingMethods(string,int)\ExtensionDemo3CeilingMethods(string,int).csproj", "{D60084D4-2143-42C0-85A4-16584C5F2266}"
EndProject
Global
	GlobalSection(SolutionConfigurationPlatforms) = preSolution
		Debug|Any CPU = Debug|Any CPU
		Release|Any CPU = Release|Any CPU
	EndGlobalSection
	GlobalSection(ProjectConfigurationPlatforms) = postSolution
		{1283F111-71DD-4401-A432-0295FB01883C}.Debug|Any CPU.ActiveCfg = Debug|Any CPU
		{1283F111-71DD-4401-A432-0295FB01883C}.Debug|Any CPU.Build.0 = Debug|Any CPU
		{1283F111-71DD-4401-A432-0295FB01883C}.Release|Any CPU.ActiveCfg = Release|Any CPU
		{1283F111-71DD-4401-A432-0295FB01883C}.Release|Any CPU.Build.0 = Release|Any CPU
		{2E26BC5F-CD18-481E-BD58-0E28F72C8666}.Debug|Any CPU.ActiveCfg = Debug|Any CPU
		{2E26BC5F-CD18-481E-BD58-0E28F72C8666}.Debug|Any CPU.Build.0 = Debug|Any CPU
		{2E26BC5F-CD18-481E-BD58-0E28F72C8666}.Release|Any CPU.ActiveCfg = Release|Any CPU
		{2E26BC5F-CD18-481E-BD58-0E28F72C8666}.Release|Any CPU.Build.0 = Release|Any CPU
		{D60084D4-2143-42C0-85A4-16584C5F2266}.Debug|Any CPU.ActiveCfg = Debug|Any CPU
		{D60084D4-2143-42C0-85A4-16584C5F2266}.Debug|Any CPU.Build.0 = Debug|Any CPU
		{D60084D4-2143-42C0-85A4-16584C5F2266}.Release|Any CPU.ActiveCfg = Release|Any CPU
		{D60084D4-2143-42C0-85A4-16584C5F2266}.Release|Any CPU.Build.0 = Release|Any CPU
	EndGlobalSection
	GlobalSection(SolutionProperties) = preSolution
		HideSolutionNode = FALSE
	EndGlobalSection
EndGlobal
