
Microsoft Visual Studio Solution File, Format Version 12.00
# Visual Studio Version 17
VisualStudioVersion = 17.12.35707.178 d17.12
MinimumVisualStudioVersion = 10.0.40219.1
Project("{FAE04EC0-301F-11D3-BF4B-00C04F79EFBC}") = "Indexersdemo", "Indexersdemo\Indexersdemo.csproj", "{CC6FFEE2-FC1A-42FC-8036-DB2B220FB08A}"
EndProject
Project("{FAE04EC0-301F-11D3-BF4B-00C04F79EFBC}") = "Indexerdemo2", "Indexerdemo2\Indexerdemo2.csproj", "{0AB94848-ACA5-4D91-B408-30192AA66904}"
EndProject
Global
	GlobalSection(SolutionConfigurationPlatforms) = preSolution
		Debug|Any CPU = Debug|Any CPU
		Release|Any CPU = Release|Any CPU
	EndGlobalSection
	GlobalSection(ProjectConfigurationPlatforms) = postSolution
		{CC6FFEE2-FC1A-42FC-8036-DB2B220FB08A}.Debug|Any CPU.ActiveCfg = Debug|Any CPU
		{CC6FFEE2-FC1A-42FC-8036-DB2B220FB08A}.Debug|Any CPU.Build.0 = Debug|Any CPU
		{CC6FFEE2-FC1A-42FC-8036-DB2B220FB08A}.Release|Any CPU.ActiveCfg = Release|Any CPU
		{CC6FFEE2-FC1A-42FC-8036-DB2B220FB08A}.Release|Any CPU.Build.0 = Release|Any CPU
		{0AB94848-ACA5-4D91-B408-30192AA66904}.Debug|Any CPU.ActiveCfg = Debug|Any CPU
		{0AB94848-ACA5-4D91-B408-30192AA66904}.Debug|Any CPU.Build.0 = Debug|Any CPU
		{0AB94848-ACA5-4D91-B408-30192AA66904}.Release|Any CPU.ActiveCfg = Release|Any CPU
		{0AB94848-ACA5-4D91-B408-30192AA66904}.Release|Any CPU.Build.0 = Release|Any CPU
	EndGlobalSection
	GlobalSection(SolutionProperties) = preSolution
		HideSolutionNode = FALSE
	EndGlobalSection
EndGlobal
