
Microsoft Visual Studio Solution File, Format Version 12.00
# Visual Studio Version 17
VisualStudioVersion = 17.12.35707.178 d17.12
MinimumVisualStudioVersion = 10.0.40219.1
Project("{FAE04EC0-301F-11D3-BF4B-00C04F79EFBC}") = "AccesSpecifiersdemo1", "AccesSpecifiersdemo1\AccesSpecifiersdemo1.csproj", "{A0E91F19-E1C8-4550-B56F-1C155414A10C}"
EndProject
Project("{FAE04EC0-301F-11D3-BF4B-00C04F79EFBC}") = "AccesSpecifierdemo2", "AccesSpecifierdemo2\AccesSpecifierdemo2.csproj", "{57162CBE-3607-4D4F-8AE7-5ECAD2194C43}"
EndProject
Global
	GlobalSection(SolutionConfigurationPlatforms) = preSolution
		Debug|Any CPU = Debug|Any CPU
		Release|Any CPU = Release|Any CPU
	EndGlobalSection
	GlobalSection(ProjectConfigurationPlatforms) = postSolution
		{A0E91F19-E1C8-4550-B56F-1C155414A10C}.Debug|Any CPU.ActiveCfg = Debug|Any CPU
		{A0E91F19-E1C8-4550-B56F-1C155414A10C}.Debug|Any CPU.Build.0 = Debug|Any CPU
		{A0E91F19-E1C8-4550-B56F-1C155414A10C}.Release|Any CPU.ActiveCfg = Release|Any CPU
		{A0E91F19-E1C8-4550-B56F-1C155414A10C}.Release|Any CPU.Build.0 = Release|Any CPU
		{57162CBE-3607-4D4F-8AE7-5ECAD2194C43}.Debug|Any CPU.ActiveCfg = Debug|Any CPU
		{57162CBE-3607-4D4F-8AE7-5ECAD2194C43}.Debug|Any CPU.Build.0 = Debug|Any CPU
		{57162CBE-3607-4D4F-8AE7-5ECAD2194C43}.Release|Any CPU.ActiveCfg = Release|Any CPU
		{57162CBE-3607-4D4F-8AE7-5ECAD2194C43}.Release|Any CPU.Build.0 = Release|Any CPU
	EndGlobalSection
	GlobalSection(SolutionProperties) = preSolution
		HideSolutionNode = FALSE
	EndGlobalSection
EndGlobal
