
Microsoft Visual Studio Solution File, Format Version 12.00
# Visual Studio Version 17
VisualStudioVersion = 17.12.35707.178 d17.12
MinimumVisualStudioVersion = 10.0.40219.1
Project("{FAE04EC0-301F-11D3-BF4B-00C04F79EFBC}") = "Exceptiondemo1", "Exceptiondemo\Exceptiondemo1.csproj", "{C51733B7-73E1-4B9D-A6FD-804D7C7189B3}"
EndProject
Project("{FAE04EC0-301F-11D3-BF4B-00C04F79EFBC}") = "ExceptionHandlingdemo1", "ExceptionHandlingdemo1\ExceptionHandlingdemo1.csproj", "{14A9D14A-84AC-4295-9061-DA749B1B9C9A}"
EndProject
Project("{FAE04EC0-301F-11D3-BF4B-00C04F79EFBC}") = "Throwdemo1", "Throwdemo1\Throwdemo1.csproj", "{40A966C5-EF2D-48FA-8050-47F0004961F2}"
EndProject
Global
	GlobalSection(SolutionConfigurationPlatforms) = preSolution
		Debug|Any CPU = Debug|Any CPU
		Release|Any CPU = Release|Any CPU
	EndGlobalSection
	GlobalSection(ProjectConfigurationPlatforms) = postSolution
		{C51733B7-73E1-4B9D-A6FD-804D7C7189B3}.Debug|Any CPU.ActiveCfg = Debug|Any CPU
		{C51733B7-73E1-4B9D-A6FD-804D7C7189B3}.Debug|Any CPU.Build.0 = Debug|Any CPU
		{C51733B7-73E1-4B9D-A6FD-804D7C7189B3}.Release|Any CPU.ActiveCfg = Release|Any CPU
		{C51733B7-73E1-4B9D-A6FD-804D7C7189B3}.Release|Any CPU.Build.0 = Release|Any CPU
		{14A9D14A-84AC-4295-9061-DA749B1B9C9A}.Debug|Any CPU.ActiveCfg = Debug|Any CPU
		{14A9D14A-84AC-4295-9061-DA749B1B9C9A}.Debug|Any CPU.Build.0 = Debug|Any CPU
		{14A9D14A-84AC-4295-9061-DA749B1B9C9A}.Release|Any CPU.ActiveCfg = Release|Any CPU
		{14A9D14A-84AC-4295-9061-DA749B1B9C9A}.Release|Any CPU.Build.0 = Release|Any CPU
		{40A966C5-EF2D-48FA-8050-47F0004961F2}.Debug|Any CPU.ActiveCfg = Debug|Any CPU
		{40A966C5-EF2D-48FA-8050-47F0004961F2}.Debug|Any CPU.Build.0 = Debug|Any CPU
		{40A966C5-EF2D-48FA-8050-47F0004961F2}.Release|Any CPU.ActiveCfg = Release|Any CPU
		{40A966C5-EF2D-48FA-8050-47F0004961F2}.Release|Any CPU.Build.0 = Release|Any CPU
	EndGlobalSection
	GlobalSection(SolutionProperties) = preSolution
		HideSolutionNode = FALSE
	EndGlobalSection
EndGlobal
